// !$*UTF8*$!
{
	archiveVersion = 1;
	classes = {
	};
	objectVersion = 55;
	objects = {

/* Begin PBXBuildFile section */
		BD8849AF2886207D00ED797C /* AppDelegate.swift in Sources */ = {isa = PBXBuildFile; fileRef = BD8849AE2886207D00ED797C /* AppDelegate.swift */; };
		BD8849B12886207D00ED797C /* SceneDelegate.swift in Sources */ = {isa = PBXBuildFile; fileRef = BD8849B02886207D00ED797C /* SceneDelegate.swift */; };
		BD8849B62886207D00ED797C /* Main.storyboard in Resources */ = {isa = PBXBuildFile; fileRef = BD8849B42886207D00ED797C /* Main.storyboard */; };
		BD8849B92886207D00ED797C /* To_Do_List.xcdatamodeld in Sources */ = {isa = PBXBuildFile; fileRef = BD8849B72886207D00ED797C /* To_Do_List.xcdatamodeld */; };
		BD8849BB2886207E00ED797C /* Assets.xcassets in Resources */ = {isa = PBXBuildFile; fileRef = BD8849BA2886207E00ED797C /* Assets.xcassets */; };
		BD8849BE2886207E00ED797C /* LaunchScreen.storyboard in Resources */ = {isa = PBXBuildFile; fileRef = BD8849BC2886207E00ED797C /* LaunchScreen.storyboard */; };
		BD8849C92886207E00ED797C /* To_Do_ListTests.swift in Sources */ = {isa = PBXBuildFile; fileRef = BD8849C82886207E00ED797C /* To_Do_ListTests.swift */; };
		BD8849D32886207E00ED797C /* To_Do_ListUITests.swift in Sources */ = {isa = PBXBuildFile; fileRef = BD8849D22886207E00ED797C /* To_Do_ListUITests.swift */; };
		BD8849D52886207E00ED797C /* To_Do_ListUITestsLaunchTests.swift in Sources */ = {isa = PBXBuildFile; fileRef = BD8849D42886207E00ED797C /* To_Do_ListUITestsLaunchTests.swift */; };
		BD8849E22886222F00ED797C /* ToDoTableViewController.swift in Sources */ = {isa = PBXBuildFile; fileRef = BD8849E12886222F00ED797C /* ToDoTableViewController.swift */; };
		BD8849E4288622B000ED797C /* ToDo.swift in Sources */ = {isa = PBXBuildFile; fileRef = BD8849E3288622B000ED797C /* ToDo.swift */; };
		BD8849E6288627D100ED797C /* ToDo.swift in Sources */ = {isa = PBXBuildFile; fileRef = BD8849E5288627D000ED797C /* ToDo.swift */; };
/* End PBXBuildFile section */

/* Begin PBXContainerItemProxy section */
		BD8849C52886207E00ED797C /* PBXContainerItemProxy */ = {
			isa = PBXContainerItemProxy;
			containerPortal = BD8849A32886207D00ED797C /* Project object */;
			proxyType = 1;
			remoteGlobalIDString = BD8849AA2886207D00ED797C;
			remoteInfo = To_Do_List;
		};
		BD8849CF2886207E00ED797C /* PBXContainerItemProxy */ = {
			isa = PBXContainerItemProxy;
			containerPortal = BD8849A32886207D00ED797C /* Project object */;
			proxyType = 1;
			remoteGlobalIDString = BD8849AA2886207D00ED797C;
			remoteInfo = To_Do_List;
		};
/* End PBXContainerItemProxy section */

/* Begin PBXFileReference section */
		BD8849AB2886207D00ED797C /* To_Do_List.app */ = {isa = PBXFileReference; explicitFileType = wrapper.application; includeInIndex = 0; path = To_Do_List.app; sourceTree = BUILT_PRODUCTS_DIR; };
		BD8849AE2886207D00ED797C /* AppDelegate.swift */ = {isa = PBXFileReference; lastKnownFileType = sourcecode.swift; path = AppDelegate.swift; sourceTree = "<group>"; };
		BD8849B02886207D00ED797C /* SceneDelegate.swift */ = {isa = PBXFileReference; lastKnownFileType = sourcecode.swift; path = SceneDelegate.swift; sourceTree = "<group>"; };
		BD8849B52886207D00ED797C /* Base */ = {isa = PBXFileReference; lastKnownFileType = file.storyboard; name = Base; path = Base.lproj/Main.storyboard; sourceTree = "<group>"; };
		BD8849B82886207D00ED797C /* To_Do_List.xcdatamodel */ = {isa = PBXFileReference; lastKnownFileType = wrapper.xcdatamodel; path = To_Do_List.xcdatamodel; sourceTree = "<group>"; };
		BD8849BA2886207E00ED797C /* Assets.xcassets */ = {isa = PBXFileReference; lastKnownFileType = folder.assetcatalog; path = Assets.xcassets; sourceTree = "<group>"; };
		BD8849BD2886207E00ED797C /* Base */ = {isa = PBXFileReference; lastKnownFileType = file.storyboard; name = Base; path = Base.lproj/LaunchScreen.storyboard; sourceTree = "<group>"; };
		BD8849BF2886207E00ED797C /* Info.plist */ = {isa = PBXFileReference; lastKnownFileType = text.plist.xml; path = Info.plist; sourceTree = "<group>"; };
		BD8849C42886207E00ED797C /* To_Do_ListTests.xctest */ = {isa = PBXFileReference; explicitFileType = wrapper.cfbundle; includeInIndex = 0; path = To_Do_ListTests.xctest; sourceTree = BUILT_PRODUCTS_DIR; };
		BD8849C82886207E00ED797C /* To_Do_ListTests.swift */ = {isa = PBXFileReference; lastKnownFileType = sourcecode.swift; path = To_Do_ListTests.swift; sourceTree = "<group>"; };
		BD8849CE2886207E00ED797C /* To_Do_ListUITests.xctest */ = {isa = PBXFileReference; explicitFileType = wrapper.cfbundle; includeInIndex = 0; path = To_Do_ListUITests.xctest; sourceTree = BUILT_PRODUCTS_DIR; };
		BD8849D22886207E00ED797C /* To_Do_ListUITests.swift */ = {isa = PBXFileReference; lastKnownFileType = sourcecode.swift; path = To_Do_ListUITests.swift; sourceTree = "<group>"; };
		BD8849D42886207E00ED797C /* To_Do_ListUITestsLaunchTests.swift */ = {isa = PBXFileReference; lastKnownFileType = sourcecode.swift; path = To_Do_ListUITestsLaunchTests.swift; sourceTree = "<group>"; };
		BD8849E12886222F00ED797C /* ToDoTableViewController.swift */ = {isa = PBXFileReference; lastKnownFileType = sourcecode.swift; path = ToDoTableViewController.swift; sourceTree = "<group>"; };
		BD8849E3288622B000ED797C /* ToDo.swift */ = {isa = PBXFileReference; lastKnownFileType = sourcecode.swift; path = ToDo.swift; sourceTree = "<group>"; };
		BD8849E5288627D000ED797C /* ToDo.swift */ = {isa = PBXFileReference; fileEncoding = 4; lastKnownFileType = sourcecode.swift; path = ToDo.swift; sourceTree = "<group>"; };
/* End PBXFileReference section */

/* Begin PBXFrameworksBuildPhase section */
		BD8849A82886207D00ED797C /* Frameworks */ = {
			isa = PBXFrameworksBuildPhase;
			buildActionMask = 2147483647;
			files = (
			);
			runOnlyForDeploymentPostprocessing = 0;
		};
		BD8849C12886207E00ED797C /* Frameworks */ = {
			isa = PBXFrameworksBuildPhase;
			buildActionMask = 2147483647;
			files = (
			);
			runOnlyForDeploymentPostprocessing = 0;
		};
		BD8849CB2886207E00ED797C /* Frameworks */ = {
			isa = PBXFrameworksBuildPhase;
			buildActionMask = 2147483647;
			files = (
			);
			runOnlyForDeploymentPostprocessing = 0;
		};
/* End PBXFrameworksBuildPhase section */

/* Begin PBXGroup section */
		BD8849A22886207D00ED797C = {
			isa = PBXGroup;
			children = (
				BD8849AD2886207D00ED797C /* To_Do_List */,
				BD8849C72886207E00ED797C /* To_Do_ListTests */,
				BD8849D12886207E00ED797C /* To_Do_ListUITests */,
				BD8849AC2886207D00ED797C /* Products */,
			);
			sourceTree = "<group>";
		};
		BD8849AC2886207D00ED797C /* Products */ = {
			isa = PBXGroup;
			children = (
				BD8849AB2886207D00ED797C /* To_Do_List.app */,
				BD8849C42886207E00ED797C /* To_Do_ListTests.xctest */,
				BD8849CE2886207E00ED797C /* To_Do_ListUITests.xctest */,
			);
			name = Products;
			sourceTree = "<group>";
		};
		BD8849AD2886207D00ED797C /* To_Do_List */ = {
			isa = PBXGroup;
			children = (
				BD8849AE2886207D00ED797C /* AppDelegate.swift */,
				BD8849B02886207D00ED797C /* SceneDelegate.swift */,
				BD8849E5288627D000ED797C /* ToDo.swift */,
				BD8849B42886207D00ED797C /* Main.storyboard */,
				BD8849E12886222F00ED797C /* ToDoTableViewController.swift */,
				BD8849E5288627D000ED797C /* ToDo.swift */,
				BD8849BA2886207E00ED797C /* Assets.xcassets */,
				BD8849BC2886207E00ED797C /* LaunchScreen.storyboard */,
				BD8849BF2886207E00ED797C /* Info.plist */,
				BD8849B72886207D00ED797C /* To_Do_List.xcdatamodeld */,
			);
			path = To_Do_List;
			sourceTree = "<group>";
		};
		BD8849C72886207E00ED797C /* To_Do_ListTests */ = {
			isa = PBXGroup;
			children = (
				BD8849C82886207E00ED797C /* To_Do_ListTests.swift */,
			);
			path = To_Do_ListTests;
			sourceTree = "<group>";
		};
		BD8849D12886207E00ED797C /* To_Do_ListUITests */ = {
			isa = PBXGroup;
			children = (
				BD8849D22886207E00ED797C /* To_Do_ListUITests.swift */,
				BD8849D42886207E00ED797C /* To_Do_ListUITestsLaunchTests.swift */,
			);
			path = To_Do_ListUITests;
			sourceTree = "<group>";
		};
/* End PBXGroup section */

/* Begin PBXNativeTarget section */
		BD8849AA2886207D00ED797C /* To_Do_List */ = {
			isa = PBXNativeTarget;
			buildConfigurationList = BD8849D82886207E00ED797C /* Build configuration list for PBXNativeTarget "To_Do_List" */;
			buildPhases = (
				BD8849A72886207D00ED797C /* Sources */,
				BD8849A82886207D00ED797C /* Frameworks */,
				BD8849A92886207D00ED797C /* Resources */,
			);
			buildRules = (
			);
			dependencies = (
			);
			name = To_Do_List;
			productName = To_Do_List;
			productReference = BD8849AB2886207D00ED797C /* To_Do_List.app */;
			productType = "com.apple.product-type.application";
		};
		BD8849C32886207E00ED797C /* To_Do_ListTests */ = {
			isa = PBXNativeTarget;
			buildConfigurationList = BD8849DB2886207E00ED797C /* Build configuration list for PBXNativeTarget "To_Do_ListTests" */;
			buildPhases = (
				BD8849C02886207E00ED797C /* Sources */,
				BD8849C12886207E00ED797C /* Frameworks */,
				BD8849C22886207E00ED797C /* Resources */,
			);
			buildRules = (
			);
			dependencies = (
				BD8849C62886207E00ED797C /* PBXTargetDependency */,
			);
			name = To_Do_ListTests;
			productName = To_Do_ListTests;
			productReference = BD8849C42886207E00ED797C /* To_Do_ListTests.xctest */;
			productType = "com.apple.product-type.bundle.unit-test";
		};
		BD8849CD2886207E00ED797C /* To_Do_ListUITests */ = {
			isa = PBXNativeTarget;
			buildConfigurationList = BD8849DE2886207E00ED797C /* Build configuration list for PBXNativeTarget "To_Do_ListUITests" */;
			buildPhases = (
				BD8849CA2886207E00ED797C /* Sources */,
				BD8849CB2886207E00ED797C /* Frameworks */,
				BD8849CC2886207E00ED797C /* Resources */,
			);
			buildRules = (
			);
			dependencies = (
				BD8849D02886207E00ED797C /* PBXTargetDependency */,
			);
			name = To_Do_ListUITests;
			productName = To_Do_ListUITests;
			productReference = BD8849CE2886207E00ED797C /* To_Do_ListUITests.xctest */;
			productType = "com.apple.product-type.bundle.ui-testing";
		};
/* End PBXNativeTarget section */

/* Begin PBXProject section */
		BD8849A32886207D00ED797C /* Project object */ = {
			isa = PBXProject;
			attributes = {
				BuildIndependentTargetsInParallel = 1;
				LastSwiftUpdateCheck = 1340;
				LastUpgradeCheck = 1340;
				TargetAttributes = {
					BD8849AA2886207D00ED797C = {
						CreatedOnToolsVersion = 13.4.1;
					};
					BD8849C32886207E00ED797C = {
						CreatedOnToolsVersion = 13.4.1;
						TestTargetID = BD8849AA2886207D00ED797C;
					};
					BD8849CD2886207E00ED797C = {
						CreatedOnToolsVersion = 13.4.1;
						TestTargetID = BD8849AA2886207D00ED797C;
					};
				};
			};
			buildConfigurationList = BD8849A62886207D00ED797C /* Build configuration list for PBXProject "To_Do_List" */;
			compatibilityVersion = "Xcode 13.0";
			developmentRegion = en;
			hasScannedForEncodings = 0;
			knownRegions = (
				en,
				Base,
			);
			mainGroup = BD8849A22886207D00ED797C;
			productRefGroup = BD8849AC2886207D00ED797C /* Products */;
			projectDirPath = "";
			projectRoot = "";
			targets = (
				BD8849AA2886207D00ED797C /* To_Do_List */,
				BD8849C32886207E00ED797C /* To_Do_ListTests */,
				BD8849CD2886207E00ED797C /* To_Do_ListUITests */,
			);
		};
/* End PBXProject section */

/* Begin PBXResourcesBuildPhase section */
		BD8849A92886207D00ED797C /* Resources */ = {
			isa = PBXResourcesBuildPhase;
			buildActionMask = 2147483647;
			files = (
				BD8849BE2886207E00ED797C /* LaunchScreen.storyboard in Resources */,
				BD8849BB2886207E00ED797C /* Assets.xcassets in Resources */,
				BD8849B62886207D00ED797C /* Main.storyboard in Resources */,
			);
			runOnlyForDeploymentPostprocessing = 0;
		};
		BD8849C22886207E00ED797C /* Resources */ = {
			isa = PBXResourcesBuildPhase;
			buildActionMask = 2147483647;
			files = (
			);
			runOnlyForDeploymentPostprocessing = 0;
		};
		BD8849CC2886207E00ED797C /* Resources */ = {
			isa = PBXResourcesBuildPhase;
			buildActionMask = 2147483647;
			files = (
			);
			runOnlyForDeploymentPostprocessing = 0;
		};
/* End PBXResourcesBuildPhase section */

/* Begin PBXSourcesBuildPhase section */
		BD8849A72886207D00ED797C /* Sources */ = {
			isa = PBXSourcesBuildPhase;
			buildActionMask = 2147483647;
			files = (
				BD8849AF2886207D00ED797C /* AppDelegate.swift in Sources */,
				BD8849E4288622B000ED797C /* ToDo.swift in Sources */,
				BD8849E22886222F00ED797C /* ToDoTableViewController.swift in Sources */,
				BD8849E6288627D100ED797C /* ToDo.swift in Sources */,
				BD8849B12886207D00ED797C /* SceneDelegate.swift in Sources */,
				BD8849B92886207D00ED797C /* To_Do_List.xcdatamodeld in Sources */,
			);
			runOnlyForDeploymentPostprocessing = 0;
		};
		BD8849C02886207E00ED797C /* Sources */ = {
			isa = PBXSourcesBuildPhase;
			buildActionMask = 2147483647;
			files = (
				BD8849C92886207E00ED797C /* To_Do_ListTests.swift in Sources */,
			);
			runOnlyForDeploymentPostprocessing = 0;
		};
		BD8849CA2886207E00ED797C /* Sources */ = {
			isa = PBXSourcesBuildPhase;
			buildActionMask = 2147483647;
			files = (
				BD8849D52886207E00ED797C /* To_Do_ListUITestsLaunchTests.swift in Sources */,
				BD8849D32886207E00ED797C /* To_Do_ListUITests.swift in Sources */,
			);
			runOnlyForDeploymentPostprocessing = 0;
		};
/* End PBXSourcesBuildPhase section */

/* Begin PBXTargetDependency section */
		BD8849C62886207E00ED797C /* PBXTargetDependency */ = {
			isa = PBXTargetDependency;
			target = BD8849AA2886207D00ED797C /* To_Do_List */;
			targetProxy = BD8849C52886207E00ED797C /* PBXContainerItemProxy */;
		};
		BD8849D02886207E00ED797C /* PBXTargetDependency */ = {
			isa = PBXTargetDependency;
			target = BD8849AA2886207D00ED797C /* To_Do_List */;
			targetProxy = BD8849CF2886207E00ED797C /* PBXContainerItemProxy */;
		};
/* End PBXTargetDependency section */

/* Begin PBXVariantGroup section */
		BD8849B42886207D00ED797C /* Main.storyboard */ = {
			isa = PBXVariantGroup;
			children = (
				BD8849B52886207D00ED797C /* Base */,
			);
			name = Main.storyboard;
			sourceTree = "<group>";
		};
		BD8849BC2886207E00ED797C /* LaunchScreen.storyboard */ = {
			isa = PBXVariantGroup;
			children = (
				BD8849BD2886207E00ED797C /* Base */,
			);
			name = LaunchScreen.storyboard;
			sourceTree = "<group>";
		};
/* End PBXVariantGroup section */

/* Begin XCBuildConfiguration section */
		BD8849D62886207E00ED797C /* Debug */ = {
			isa = XCBuildConfiguration;
			buildSettings = {
				ALWAYS_SEARCH_USER_PATHS = NO;
				CLANG_ANALYZER_NONNULL = YES;
				CLANG_ANALYZER_NUMBER_OBJECT_CONVERSION = YES_AGGRESSIVE;
				CLANG_CXX_LANGUAGE_STANDARD = "gnu++17";
				CLANG_ENABLE_MODULES = YES;
				CLANG_ENABLE_OBJC_ARC = YES;
				CLANG_ENABLE_OBJC_WEAK = YES;
				CLANG_WARN_BLOCK_CAPTURE_AUTORELEASING = YES;
				CLANG_WARN_BOOL_CONVERSION = YES;
				CLANG_WARN_COMMA = YES;
				CLANG_WARN_CONSTANT_CONVERSION = YES;
				CLANG_WARN_DEPRECATED_OBJC_IMPLEMENTATIONS = YES;
				CLANG_WARN_DIRECT_OBJC_ISA_USAGE = YES_ERROR;
				CLANG_WARN_DOCUMENTATION_COMMENTS = YES;
				CLANG_WARN_EMPTY_BODY = YES;
				CLANG_WARN_ENUM_CONVERSION = YES;
				CLANG_WARN_INFINITE_RECURSION = YES;
				CLANG_WARN_INT_CONVERSION = YES;
				CLANG_WARN_NON_LITERAL_NULL_CONVERSION = YES;
				CLANG_WARN_OBJC_IMPLICIT_RETAIN_SELF = YES;
				CLANG_WARN_OBJC_LITERAL_CONVERSION = YES;
				CLANG_WARN_OBJC_ROOT_CLASS = YES_ERROR;
				CLANG_WARN_QUOTED_INCLUDE_IN_FRAMEWORK_HEADER = YES;
				CLANG_WARN_RANGE_LOOP_ANALYSIS = YES;
				CLANG_WARN_STRICT_PROTOTYPES = YES;
				CLANG_WARN_SUSPICIOUS_MOVE = YES;
				CLANG_WARN_UNGUARDED_AVAILABILITY = YES_AGGRESSIVE;
				CLANG_WARN_UNREACHABLE_CODE = YES;
				CLANG_WARN__DUPLICATE_METHOD_MATCH = YES;
				COPY_PHASE_STRIP = NO;
				DEBUG_INFORMATION_FORMAT = dwarf;
				ENABLE_STRICT_OBJC_MSGSEND = YES;
				ENABLE_TESTABILITY = YES;
				GCC_C_LANGUAGE_STANDARD = gnu11;
				GCC_DYNAMIC_NO_PIC = NO;
				GCC_NO_COMMON_BLOCKS = YES;
				GCC_OPTIMIZATION_LEVEL = 0;
				GCC_PREPROCESSOR_DEFINITIONS = (
					"DEBUG=1",
					"$(inherited)",
				);
				GCC_WARN_64_TO_32_BIT_CONVERSION = YES;
				GCC_WARN_ABOUT_RETURN_TYPE = YES_ERROR;
				GCC_WARN_UNDECLARED_SELECTOR = YES;
				GCC_WARN_UNINITIALIZED_AUTOS = YES_AGGRESSIVE;
				GCC_WARN_UNUSED_FUNCTION = YES;
				GCC_WARN_UNUSED_VARIABLE = YES;
				IPHONEOS_DEPLOYMENT_TARGET = 15.5;
				MTL_ENABLE_DEBUG_INFO = INCLUDE_SOURCE;
				MTL_FAST_MATH = YES;
				ONLY_ACTIVE_ARCH = YES;
				SDKROOT = iphoneos;
				SWIFT_ACTIVE_COMPILATION_CONDITIONS = DEBUG;
				SWIFT_OPTIMIZATION_LEVEL = "-Onone";
			};
			name = Debug;
		};
		BD8849D72886207E00ED797C /* Release */ = {
			isa = XCBuildConfiguration;
			buildSettings = {
				ALWAYS_SEARCH_USER_PATHS = NO;
				CLANG_ANALYZER_NONNULL = YES;
				CLANG_ANALYZER_NUMBER_OBJECT_CONVERSION = YES_AGGRESSIVE;
				CLANG_CXX_LANGUAGE_STANDARD = "gnu++17";
				CLANG_ENABLE_MODULES = YES;
				CLANG_ENABLE_OBJC_ARC = YES;
				CLANG_ENABLE_OBJC_WEAK = YES;
				CLANG_WARN_BLOCK_CAPTURE_AUTORELEASING = YES;
				CLANG_WARN_BOOL_CONVERSION = YES;
				CLANG_WARN_COMMA = YES;
				CLANG_WARN_CONSTANT_CONVERSION = YES;
				CLANG_WARN_DEPRECATED_OBJC_IMPLEMENTATIONS = YES;
				CLANG_WARN_DIRECT_OBJC_ISA_USAGE = YES_ERROR;
				CLANG_WARN_DOCUMENTATION_COMMENTS = YES;
				CLANG_WARN_EMPTY_BODY = YES;
				CLANG_WARN_ENUM_CONVERSION = YES;
				CLANG_WARN_INFINITE_RECURSION = YES;
				CLANG_WARN_INT_CONVERSION = YES;
				CLANG_WARN_NON_LITERAL_NULL_CONVERSION = YES;
				CLANG_WARN_OBJC_IMPLICIT_RETAIN_SELF = YES;
				CLANG_WARN_OBJC_LITERAL_CONVERSION = YES;
				CLANG_WARN_OBJC_ROOT_CLASS = YES_ERROR;
				CLANG_WARN_QUOTED_INCLUDE_IN_FRAMEWORK_HEADER = YES;
				CLANG_WARN_RANGE_LOOP_ANALYSIS = YES;
				CLANG_WARN_STRICT_PROTOTYPES = YES;
				CLANG_WARN_SUSPICIOUS_MOVE = YES;
				CLANG_WARN_UNGUARDED_AVAILABILITY = YES_AGGRESSIVE;
				CLANG_WARN_UNREACHABLE_CODE = YES;
				CLANG_WARN__DUPLICATE_METHOD_MATCH = YES;
				COPY_PHASE_STRIP = NO;
				DEBUG_INFORMATION_FORMAT = "dwarf-with-dsym";
				ENABLE_NS_ASSERTIONS = NO;
				ENABLE_STRICT_OBJC_MSGSEND = YES;
				GCC_C_LANGUAGE_STANDARD = gnu11;
				GCC_NO_COMMON_BLOCKS = YES;
				GCC_WARN_64_TO_32_BIT_CONVERSION = YES;
				GCC_WARN_ABOUT_RETURN_TYPE = YES_ERROR;
				GCC_WARN_UNDECLARED_SELECTOR = YES;
				GCC_WARN_UNINITIALIZED_AUTOS = YES_AGGRESSIVE;
				GCC_WARN_UNUSED_FUNCTION = YES;
				GCC_WARN_UNUSED_VARIABLE = YES;
				IPHONEOS_DEPLOYMENT_TARGET = 15.5;
				MTL_ENABLE_DEBUG_INFO = NO;
				MTL_FAST_MATH = YES;
				SDKROOT = iphoneos;
				SWIFT_COMPILATION_MODE = wholemodule;
				SWIFT_OPTIMIZATION_LEVEL = "-O";
				VALIDATE_PRODUCT = YES;
			};
			name = Release;
		};
		BD8849D92886207E00ED797C /* Debug */ = {
			isa = XCBuildConfiguration;
			buildSettings = {
				ASSETCATALOG_COMPILER_APPICON_NAME = AppIcon;
				ASSETCATALOG_COMPILER_GLOBAL_ACCENT_COLOR_NAME = AccentColor;
				CODE_SIGN_STYLE = Automatic;
				CURRENT_PROJECT_VERSION = 1;
				DEVELOPMENT_TEAM = NHG655J6Z8;
				GENERATE_INFOPLIST_FILE = YES;
				INFOPLIST_FILE = To_Do_List/Info.plist;
				INFOPLIST_KEY_UIApplicationSupportsIndirectInputEvents = YES;
				INFOPLIST_KEY_UILaunchStoryboardName = LaunchScreen;
				INFOPLIST_KEY_UIMainStoryboardFile = Main;
				INFOPLIST_KEY_UISupportedInterfaceOrientations_iPad = "UIInterfaceOrientationPortrait UIInterfaceOrientationPortraitUpsideDown UIInterfaceOrientationLandscapeLeft UIInterfaceOrientationLandscapeRight";
				INFOPLIST_KEY_UISupportedInterfaceOrientations_iPhone = "UIInterfaceOrientationPortrait UIInterfaceOrientationLandscapeLeft UIInterfaceOrientationLandscapeRight";
				LD_RUNPATH_SEARCH_PATHS = (
					"$(inherited)",
					"@executable_path/Frameworks",
				);
				MARKETING_VERSION = 1.0;
				PRODUCT_BUNDLE_IDENTIFIER = "com.joellesonetapp.To-Do-List";
				PRODUCT_NAME = "$(TARGET_NAME)";
				SWIFT_EMIT_LOC_STRINGS = YES;
				SWIFT_VERSION = 5.0;
				TARGETED_DEVICE_FAMILY = "1,2";
			};
			name = Debug;
		};
		BD8849DA2886207E00ED797C /* Release */ = {
			isa = XCBuildConfiguration;
			buildSettings = {
				ASSETCATALOG_COMPILER_APPICON_NAME = AppIcon;
				ASSETCATALOG_COMPILER_GLOBAL_ACCENT_COLOR_NAME = AccentColor;
				CODE_SIGN_STYLE = Automatic;
				CURRENT_PROJECT_VERSION = 1;
				DEVELOPMENT_TEAM = NHG655J6Z8;
				GENERATE_INFOPLIST_FILE = YES;
				INFOPLIST_FILE = To_Do_List/Info.plist;
				INFOPLIST_KEY_UIApplicationSupportsIndirectInputEvents = YES;
				INFOPLIST_KEY_UILaunchStoryboardName = LaunchScreen;
				INFOPLIST_KEY_UIMainStoryboardFile = Main;
				INFOPLIST_KEY_UISupportedInterfaceOrientations_iPad = "UIInterfaceOrientationPortrait UIInterfaceOrientationPortraitUpsideDown UIInterfaceOrientationLandscapeLeft UIInterfaceOrientationLandscapeRight";
				INFOPLIST_KEY_UISupportedInterfaceOrientations_iPhone = "UIInterfaceOrientationPortrait UIInterfaceOrientationLandscapeLeft UIInterfaceOrientationLandscapeRight";
				LD_RUNPATH_SEARCH_PATHS = (
					"$(inherited)",
					"@executable_path/Frameworks",
				);
				MARKETING_VERSION = 1.0;
				PRODUCT_BUNDLE_IDENTIFIER = "com.joellesonetapp.To-Do-List";
				PRODUCT_NAME = "$(TARGET_NAME)";
				SWIFT_EMIT_LOC_STRINGS = YES;
				SWIFT_VERSION = 5.0;
				TARGETED_DEVICE_FAMILY = "1,2";
			};
			name = Release;
		};
		BD8849DC2886207E00ED797C /* Debug */ = {
			isa = XCBuildConfiguration;
			buildSettings = {
				ALWAYS_EMBED_SWIFT_STANDARD_LIBRARIES = YES;
				BUNDLE_LOADER = "$(TEST_HOST)";
				CODE_SIGN_STYLE = Automatic;
				CURRENT_PROJECT_VERSION = 1;
				DEVELOPMENT_TEAM = NHG655J6Z8;
				GENERATE_INFOPLIST_FILE = YES;
				IPHONEOS_DEPLOYMENT_TARGET = 15.5;
				MARKETING_VERSION = 1.0;
				PRODUCT_BUNDLE_IDENTIFIER = "com.joellesonetapp.To-Do-ListTests";
				PRODUCT_NAME = "$(TARGET_NAME)";
				SWIFT_EMIT_LOC_STRINGS = NO;
				SWIFT_VERSION = 5.0;
				TARGETED_DEVICE_FAMILY = "1,2";
				TEST_HOST = "$(BUILT_PRODUCTS_DIR)/To_Do_List.app/To_Do_List";
			};
			name = Debug;
		};
		BD8849DD2886207E00ED797C /* Release */ = {
			isa = XCBuildConfiguration;
			buildSettings = {
				ALWAYS_EMBED_SWIFT_STANDARD_LIBRARIES = YES;
				BUNDLE_LOADER = "$(TEST_HOST)";
				CODE_SIGN_STYLE = Automatic;
				CURRENT_PROJECT_VERSION = 1;
				DEVELOPMENT_TEAM = NHG655J6Z8;
				GENERATE_INFOPLIST_FILE = YES;
				IPHONEOS_DEPLOYMENT_TARGET = 15.5;
				MARKETING_VERSION = 1.0;
				PRODUCT_BUNDLE_IDENTIFIER = "com.joellesonetapp.To-Do-ListTests";
				PRODUCT_NAME = "$(TARGET_NAME)";
				SWIFT_EMIT_LOC_STRINGS = NO;
				SWIFT_VERSION = 5.0;
				TARGETED_DEVICE_FAMILY = "1,2";
				TEST_HOST = "$(BUILT_PRODUCTS_DIR)/To_Do_List.app/To_Do_List";
			};
			name = Release;
		};
		BD8849DF2886207E00ED797C /* Debug */ = {
			isa = XCBuildConfiguration;
			buildSettings = {
				ALWAYS_EMBED_SWIFT_STANDARD_LIBRARIES = YES;
				CODE_SIGN_STYLE = Automatic;
				CURRENT_PROJECT_VERSION = 1;
				DEVELOPMENT_TEAM = NHG655J6Z8;
				GENERATE_INFOPLIST_FILE = YES;
				MARKETING_VERSION = 1.0;
				PRODUCT_BUNDLE_IDENTIFIER = "com.joellesonetapp.To-Do-ListUITests";
				PRODUCT_NAME = "$(TARGET_NAME)";
				SWIFT_EMIT_LOC_STRINGS = NO;
				SWIFT_VERSION = 5.0;
				TARGETED_DEVICE_FAMILY = "1,2";
				TEST_TARGET_NAME = To_Do_List;
			};
			name = Debug;
		};
		BD8849E02886207E00ED797C /* Release */ = {
			isa = XCBuildConfiguration;
			buildSettings = {
				ALWAYS_EMBED_SWIFT_STANDARD_LIBRARIES = YES;
				CODE_SIGN_STYLE = Automatic;
				CURRENT_PROJECT_VERSION = 1;
				DEVELOPMENT_TEAM = NHG655J6Z8;
				GENERATE_INFOPLIST_FILE = YES;
				MARKETING_VERSION = 1.0;
				PRODUCT_BUNDLE_IDENTIFIER = "com.joellesonetapp.To-Do-ListUITests";
				PRODUCT_NAME = "$(TARGET_NAME)";
				SWIFT_EMIT_LOC_STRINGS = NO;
				SWIFT_VERSION = 5.0;
				TARGETED_DEVICE_FAMILY = "1,2";
				TEST_TARGET_NAME = To_Do_List;
			};
			name = Release;
		};
/* End XCBuildConfiguration section */

/* Begin XCConfigurationList section */
		BD8849A62886207D00ED797C /* Build configuration list for PBXProject "To_Do_List" */ = {
			isa = XCConfigurationList;
			buildConfigurations = (
				BD8849D62886207E00ED797C /* Debug */,
				BD8849D72886207E00ED797C /* Release */,
			);
			defaultConfigurationIsVisible = 0;
			defaultConfigurationName = Release;
		};
		BD8849D82886207E00ED797C /* Build configuration list for PBXNativeTarget "To_Do_List" */ = {
			isa = XCConfigurationList;
			buildConfigurations = (
				BD8849D92886207E00ED797C /* Debug */,
				BD8849DA2886207E00ED797C /* Release */,
			);
			defaultConfigurationIsVisible = 0;
			defaultConfigurationName = Release;
		};
		BD8849DB2886207E00ED797C /* Build configuration list for PBXNativeTarget "To_Do_ListTests" */ = {
			isa = XCConfigurationList;
			buildConfigurations = (
				BD8849DC2886207E00ED797C /* Debug */,
				BD8849DD2886207E00ED797C /* Release */,
			);
			defaultConfigurationIsVisible = 0;
			defaultConfigurationName = Release;
		};
		BD8849DE2886207E00ED797C /* Build configuration list for PBXNativeTarget "To_Do_ListUITests" */ = {
			isa = XCConfigurationList;
			buildConfigurations = (
				BD8849DF2886207E00ED797C /* Debug */,
				BD8849E02886207E00ED797C /* Release */,
			);
			defaultConfigurationIsVisible = 0;
			defaultConfigurationName = Release;
		};
/* End XCConfigurationList section */

/* Begin XCVersionGroup section */
		BD8849B72886207D00ED797C /* To_Do_List.xcdatamodeld */ = {
			isa = XCVersionGroup;
			children = (
				BD8849B82886207D00ED797C /* To_Do_List.xcdatamodel */,
			);
			currentVersion = BD8849B82886207D00ED797C /* To_Do_List.xcdatamodel */;
			path = To_Do_List.xcdatamodeld;
			sourceTree = "<group>";
			versionGroupType = wrapper.xcdatamodel;
		};
/* End XCVersionGroup section */
	};
	rootObject = BD8849A32886207D00ED797C /* Project object */;
}
